version: 6
environments:
  default:
    channels:
    - url: https://conda.anaconda.org/conda-forge/
    - url: https://conda.anaconda.org/bioconda/
    indexes:
    - https://pypi.org/simple
    packages:
      osx-arm64:
      - conda: https://conda.anaconda.org/conda-forge/osx-arm64/_openmp_mutex-4.5-7_kmp_llvm.conda
      - conda: https://conda.anaconda.org/bioconda/noarch/anarci-2024.05.21-pyhdfd78af_0.tar.bz2
      - conda: https://conda.anaconda.org/conda-forge/osx-arm64/biopython-1.87-py314h6c2aa35_0.conda
      - conda: https://conda.anaconda.org/conda-forge/osx-arm64/bzip2-1.0.8-hd037594_9.conda
      - conda: https://conda.anaconda.org/conda-forge/noarch/ca-certificates-2026.4.22-hbd8a1cb_0.conda
      - conda: https://conda.anaconda.org/conda-forge/noarch/cpython-3.14.4-py314hd8ed1ab_100.conda
      - conda: https://conda.anaconda.org/conda-forge/noarch/filelock-3.29.0-pyhd8ed1ab_0.conda
      - conda: https://conda.anaconda.org/conda-forge/osx-arm64/fmt-12.1.0-h403dcb5_0.conda
      - conda: https://conda.anaconda.org/conda-forge/noarch/fsspec-2026.3.0-pyhd8ed1ab_0.conda
      - conda: https://conda.anaconda.org/conda-forge/osx-arm64/gmp-6.3.0-h7bae524_2.conda
      - conda: https://conda.anaconda.org/conda-forge/osx-arm64/gmpy2-2.3.0-py314hf9f5e1b_1.conda
      - conda: https://conda.anaconda.org/conda-forge/osx-arm64/gsl-2.7-h6e638da_0.tar.bz2
      - conda: https://conda.anaconda.org/bioconda/osx-arm64/hmmer-3.4-ha1750f9_4.tar.bz2
      - conda: https://conda.anaconda.org/conda-forge/noarch/jinja2-3.1.6-pyhcf101f3_1.conda
      - conda: https://conda.anaconda.org/conda-forge/osx-arm64/khronos-opencl-icd-loader-2024.10.24-h5505292_1.conda
      - conda: https://conda.anaconda.org/conda-forge/noarch/legacy-cgi-2.6.4-pyh742d864_0.conda
      - conda: https://conda.anaconda.org/conda-forge/osx-arm64/libabseil-20260107.1-cxx17_h2062a1b_0.conda
      - conda: https://conda.anaconda.org/conda-forge/osx-arm64/libblas-3.11.0-6_h51639a9_openblas.conda
      - conda: https://conda.anaconda.org/conda-forge/osx-arm64/libcblas-3.11.0-6_hb0561ab_openblas.conda
      - conda: https://conda.anaconda.org/conda-forge/osx-arm64/libcxx-22.1.4-h55c6f16_0.conda
      - conda: https://conda.anaconda.org/conda-forge/osx-arm64/libexpat-2.7.5-hf6b4638_0.conda
      - conda: https://conda.anaconda.org/conda-forge/osx-arm64/libffi-3.5.2-hcf2aa1b_0.conda
      - conda: https://conda.anaconda.org/conda-forge/osx-arm64/libgcc-15.2.0-hcbb3090_18.conda
      - conda: https://conda.anaconda.org/conda-forge/osx-arm64/libgfortran-15.2.0-h07b0088_18.conda
      - conda: https://conda.anaconda.org/conda-forge/osx-arm64/libgfortran5-15.2.0-hdae7583_18.conda
      - conda: https://conda.anaconda.org/conda-forge/osx-arm64/liblapack-3.11.0-6_hd9741b5_openblas.conda
      - conda: https://conda.anaconda.org/conda-forge/osx-arm64/liblzma-5.8.3-h8088a28_0.conda
      - conda: https://conda.anaconda.org/conda-forge/osx-arm64/libmpdec-4.0.0-h84a0fba_1.conda
      - conda: https://conda.anaconda.org/conda-forge/osx-arm64/libopenblas-0.3.32-openmp_he657e61_0.conda
      - conda: https://conda.anaconda.org/conda-forge/osx-arm64/libprotobuf-6.33.5-h4a5acfd_0.conda
      - conda: https://conda.anaconda.org/conda-forge/osx-arm64/libsqlite-3.53.0-h1b79a29_0.conda
      - conda: https://conda.anaconda.org/conda-forge/osx-arm64/libtorch-2.10.0-cpu_generic_hf7cc835_3.conda
      - conda: https://conda.anaconda.org/conda-forge/osx-arm64/libuv-1.51.0-h6caf38d_1.conda
      - conda: https://conda.anaconda.org/conda-forge/osx-arm64/libzlib-1.3.2-h8088a28_2.conda
      - conda: https://conda.anaconda.org/conda-forge/osx-arm64/llvm-openmp-22.1.4-hc7d1edf_0.conda
      - conda: https://conda.anaconda.org/conda-forge/osx-arm64/markupsafe-3.0.3-py314h6e9b3f0_1.conda
      - conda: https://conda.anaconda.org/conda-forge/osx-arm64/mpc-1.4.0-h169892a_0.conda
      - conda: https://conda.anaconda.org/conda-forge/osx-arm64/mpfr-4.2.2-h6bc93b0_0.conda
      - conda: https://conda.anaconda.org/conda-forge/osx-arm64/mpi-1.0-openmpi.tar.bz2
      - conda: https://conda.anaconda.org/conda-forge/noarch/mpmath-1.3.0-pyhd8ed1ab_1.conda
      - conda: https://conda.anaconda.org/conda-forge/osx-arm64/ncurses-6.6-h1d4f5a5_0.conda
      - conda: https://conda.anaconda.org/conda-forge/noarch/networkx-3.6.1-pyhcf101f3_0.conda
      - conda: https://conda.anaconda.org/conda-forge/noarch/nomkl-1.0-h5ca1d4c_0.tar.bz2
      - conda: https://conda.anaconda.org/conda-forge/osx-arm64/numpy-2.4.3-py314h1569ea8_0.conda
      - conda: https://conda.anaconda.org/conda-forge/osx-arm64/ocl_icd_wrapper_apple-1.0.0-h27ca646_0.tar.bz2
      - conda: https://conda.anaconda.org/conda-forge/osx-arm64/opencl-headers-2025.06.13-hf6b4638_0.conda
      - conda: https://conda.anaconda.org/conda-forge/osx-arm64/openmm-8.5.1-py314h67edbab_0_khronos.conda
      - conda: https://conda.anaconda.org/conda-forge/osx-arm64/openmpi-4.1.6-h526c993_101.conda
      - conda: https://conda.anaconda.org/conda-forge/osx-arm64/openssl-3.6.2-hd24854e_0.conda
      - conda: https://conda.anaconda.org/conda-forge/osx-arm64/optree-0.19.0-py314h6cfcd04_0.conda
      - conda: https://conda.anaconda.org/conda-forge/noarch/pdbfixer-1.12-pyhd8ed1ab_1.conda
      - conda: https://conda.anaconda.org/conda-forge/noarch/pybind11-3.0.1-pyh7a1b43c_0.conda
      - conda: https://conda.anaconda.org/conda-forge/noarch/pybind11-abi-11-hc364b38_1.conda
      - conda: https://conda.anaconda.org/conda-forge/noarch/pybind11-global-3.0.1-pyhc7ab6ef_0.conda
      - conda: https://conda.anaconda.org/conda-forge/osx-arm64/python-3.14.4-h4c637c5_100_cp314.conda
      - conda: https://conda.anaconda.org/conda-forge/noarch/python_abi-3.14-8_cp314.conda
      - conda: https://conda.anaconda.org/conda-forge/osx-arm64/pytorch-2.10.0-cpu_generic_py314_he36690f_3.conda
      - conda: https://conda.anaconda.org/conda-forge/osx-arm64/readline-8.3-h46df422_0.conda
      - conda: https://conda.anaconda.org/conda-forge/osx-arm64/scipy-1.17.1-py314hfc1f868_0.conda
      - conda: https://conda.anaconda.org/conda-forge/noarch/setuptools-82.0.1-pyh332efcf_0.conda
      - conda: https://conda.anaconda.org/conda-forge/osx-arm64/sleef-3.9.0-hb028509_0.conda
      - conda: https://conda.anaconda.org/conda-forge/noarch/sympy-1.14.0-pyh2585a3b_106.conda
      - conda: https://conda.anaconda.org/conda-forge/osx-arm64/tk-8.6.13-h010d191_3.conda
      - conda: https://conda.anaconda.org/conda-forge/noarch/typing-extensions-4.15.0-h396c80c_0.conda
      - conda: https://conda.anaconda.org/conda-forge/noarch/typing_extensions-4.15.0-pyhcf101f3_0.conda
      - conda: https://conda.anaconda.org/conda-forge/noarch/tzdata-2025c-hc9c84f9_1.conda
      - conda: https://conda.anaconda.org/conda-forge/osx-arm64/zlib-1.3.2-h8088a28_2.conda
      - conda: https://conda.anaconda.org/conda-forge/osx-arm64/zstd-1.5.7-hbf9d68e_6.conda
      - pypi: https://files.pythonhosted.org/packages/22/30/7cd8fdcdfbc5b869528b079bfb76dcdf6056b1a2097a662e5e8c04f42965/certifi-2026.4.22-py3-none-any.whl
      - pypi: https://files.pythonhosted.org/packages/97/c8/c67cb8c70e19ef1960b97b22ed2a1567711de46c4ddf19799923adc836c2/charset_normalizer-3.4.7-cp314-cp314-macosx_10_15_universal2.whl
      - pypi: https://files.pythonhosted.org/packages/2a/09/f8d8f8f31e4483c10a906437b4ce31bdf3d6d417b73fe33f1a8b59e34228/einops-0.8.2-py3-none-any.whl
      - pypi: https://files.pythonhosted.org/packages/5d/13/ad7d7ca3808a898b4612b6fe93cde56b53f3034dcde235acb1f0e1df24c6/idna-3.13-py3-none-any.whl
      - pypi: https://files.pythonhosted.org/packages/53/a4/cf8c53a5cf38c2ee303c020d1769e7bb98ecf4d154636062e2f940a1af13/ImmuneBuilder-1.2-py3-none-any.whl
      - pypi: https://files.pythonhosted.org/packages/d7/8e/7540e8a2036f79a125c1d2ebadf69ed7901608859186c856fa0388ef4197/requests-2.33.1-py3-none-any.whl
      - pypi: https://files.pythonhosted.org/packages/39/08/aaaad47bc4e9dc8c725e68f9d04865dbcb2052843ff09c97b08904852d84/urllib3-2.6.3-py3-none-any.whl
packages:
- conda: https://conda.anaconda.org/conda-forge/osx-arm64/_openmp_mutex-4.5-7_kmp_llvm.conda
  build_number: 7
  sha256: 7acaa2e0782cad032bdaf756b536874346ac1375745fb250e9bdd6a48a7ab3cd
  md5: a44032f282e7d2acdeb1c240308052dd
  depends:
  - llvm-openmp >=9.0.1
  license: BSD-3-Clause
  license_family: BSD
  purls: []
  size: 8325
  timestamp: 1764092507920
- conda: https://conda.anaconda.org/bioconda/noarch/anarci-2024.05.21-pyhdfd78af_0.tar.bz2
  sha256: 481b7d0557b8058cd157cc8f76eb1687558f2f48190a5a5857775b2833720bc2
  md5: 3342c9d8e5917b8c080891b5c574f4eb
  depends:
  - biopython
  - hmmer >=3.3.2
  - python
  license: BSD-3-Clause
  license_family: BSD
  purls:
  - pkg:pypi/anarci?source=hash-mapping
  size: 1164744
  timestamp: 1733512523965
- conda: https://conda.anaconda.org/conda-forge/osx-arm64/biopython-1.87-py314h6c2aa35_0.conda
  sha256: 6adf8f9d5f772e767029eb9015026b9fc52c67d118fc48fe421826d5c4b2b849
  md5: fac2910351aa20d39e3de819ba096fae
  depends:
  - __osx >=11.0
  - numpy
  - python >=3.14,<3.15.0a0
  - python >=3.14,<3.15.0a0 *_cp314
  - python_abi 3.14.* *_cp314
  license: LicenseRef-Biopython
  purls:
  - pkg:pypi/biopython?source=hash-mapping
  size: 3329171
  timestamp: 1774883019989
- conda: https://conda.anaconda.org/conda-forge/osx-arm64/bzip2-1.0.8-hd037594_9.conda
  sha256: 540fe54be35fac0c17feefbdc3e29725cce05d7367ffedfaaa1bdda234b019df
  md5: 620b85a3f45526a8bc4d23fd78fc22f0
  depends:
  - __osx >=11.0
  license: bzip2-1.0.6
  license_family: BSD
  purls: []
  size: 124834
  timestamp: 1771350416561
- conda: https://conda.anaconda.org/conda-forge/noarch/ca-certificates-2026.4.22-hbd8a1cb_0.conda
  sha256: c9dbcc8039a52023660d6d1bbf87594a93dd69c6ac5a2a44323af2c92976728d
  md5: e18ad67cf881dcadee8b8d9e2f8e5f73
  depends:
  - __unix
  license: ISC
  purls: []
  size: 131039
  timestamp: 1776865545798
- pypi: https://files.pythonhosted.org/packages/22/30/7cd8fdcdfbc5b869528b079bfb76dcdf6056b1a2097a662e5e8c04f42965/certifi-2026.4.22-py3-none-any.whl
  name: certifi
  version: 2026.4.22
  sha256: 3cb2210c8f88ba2318d29b0388d1023c8492ff72ecdde4ebdaddbb13a31b1c4a
  requires_python: '>=3.7'
- pypi: https://files.pythonhosted.org/packages/97/c8/c67cb8c70e19ef1960b97b22ed2a1567711de46c4ddf19799923adc836c2/charset_normalizer-3.4.7-cp314-cp314-macosx_10_15_universal2.whl
  name: charset-normalizer
  version: 3.4.7
  sha256: c36c333c39be2dbca264d7803333c896ab8fa7d4d6f0ab7edb7dfd7aea6e98c0
  requires_python: '>=3.7'
- conda: https://conda.anaconda.org/conda-forge/noarch/cpython-3.14.4-py314hd8ed1ab_100.conda
  noarch: generic
  sha256: 40dc224f2b718e5f034efd2332bc315a719063235f63673468d26a24770094ee
  md5: f111d4cfaf1fe9496f386bc98ae94452
  depends:
  - python >=3.14,<3.15.0a0
  - python_abi * *_cp314
  license: Python-2.0
  purls: []
  size: 49809
  timestamp: 1775614256655
- pypi: https://files.pythonhosted.org/packages/2a/09/f8d8f8f31e4483c10a906437b4ce31bdf3d6d417b73fe33f1a8b59e34228/einops-0.8.2-py3-none-any.whl
  name: einops
  version: 0.8.2
  sha256: 54058201ac7087911181bfec4af6091bb59380360f069276601256a76af08193
  requires_python: '>=3.9'
- conda: https://conda.anaconda.org/conda-forge/noarch/filelock-3.29.0-pyhd8ed1ab_0.conda
  sha256: 6b471a18372bbd52bdf32fc965f71de3bc1b5219418b8e6b3875a67a7b08c483
  md5: 8fa8358d022a3a9bd101384a808044c6
  depends:
  - python >=3.10
  license: Unlicense
  purls:
  - pkg:pypi/filelock?source=compressed-mapping
  size: 34211
  timestamp: 1776621506566
- conda: https://conda.anaconda.org/conda-forge/osx-arm64/fmt-12.1.0-h403dcb5_0.conda
  sha256: dba5d4a93dc62f20e4c2de813ccf7beefed1fb54313faff9c4f2383e4744c8e5
  md5: ae2f556fbb43e5a75cc80a47ac942a8e
  depends:
  - __osx >=11.0
  - libcxx >=19
  license: MIT
  license_family: MIT
  purls: []
  size: 180970
  timestamp: 1767681372955
- conda: https://conda.anaconda.org/conda-forge/noarch/fsspec-2026.3.0-pyhd8ed1ab_0.conda
  sha256: b4a7aec32167502dd4a2d1fb1208c63760828d7111339aa5b305b2d776afa70f
  md5: c18d2ba7577cdc618a20d45f1e31d14b
  depends:
  - python >=3.10
  license: BSD-3-Clause
  license_family: BSD
  purls:
  - pkg:pypi/fsspec?source=hash-mapping
  size: 148973
  timestamp: 1774699581537
- conda: https://conda.anaconda.org/conda-forge/osx-arm64/gmp-6.3.0-h7bae524_2.conda
  sha256: 76e222e072d61c840f64a44e0580c2503562b009090f55aa45053bf1ccb385dd
  md5: eed7278dfbab727b56f2c0b64330814b
  depends:
  - __osx >=11.0
  - libcxx >=16
  license: GPL-2.0-or-later OR LGPL-3.0-or-later
  purls: []
  size: 365188
  timestamp: 1718981343258
- conda: https://conda.anaconda.org/conda-forge/osx-arm64/gmpy2-2.3.0-py314hf9f5e1b_1.conda
  sha256: 1cc805249850208d4e1de8beb17c58aa116fc518ca1b075285b403dbc1c002c9
  md5: 036584b863246f278f4057327c36a94d
  depends:
  - __osx >=11.0
  - gmp >=6.3.0,<7.0a0
  - mpc >=1.3.1,<2.0a0
  - mpfr >=4.2.1,<5.0a0
  - python >=3.14,<3.15.0a0
  - python >=3.14,<3.15.0a0 *_cp314
  - python_abi 3.14.* *_cp314
  license: LGPL-3.0-or-later
  license_family: LGPL
  purls:
  - pkg:pypi/gmpy2?source=hash-mapping
  size: 195457
  timestamp: 1773245350476
- conda: https://conda.anaconda.org/conda-forge/osx-arm64/gsl-2.7-h6e638da_0.tar.bz2
  sha256: 979c2976adcfc70be997abeab2ed8395f9ac2b836bdcd25ed5d2efbf1fed226b
  md5: 2a2126a940e033e7225a5dc7215eea9a
  depends:
  - libblas >=3.9.0,<4.0a0
  - libcblas >=3.9.0,<4.0a0
  license: GPL-3.0-or-later
  license_family: GPL
  purls: []
  size: 2734398
  timestamp: 1626369562748
- conda: https://conda.anaconda.org/bioconda/osx-arm64/hmmer-3.4-ha1750f9_4.tar.bz2
  sha256: db51b15aad7e9210b53bdedb16023b4301c512916fa71fc53db907ffb160046f
  md5: aa0d424d015cc7baa96f33f4fa02f90c
  depends:
  - gsl >=2.7,<2.8.0a0
  - openmpi >=4.1.6,<5.0a0
  license: BSD
  license_family: BSD
  size: 15913796
  timestamp: 1746006117022
- pypi: https://files.pythonhosted.org/packages/5d/13/ad7d7ca3808a898b4612b6fe93cde56b53f3034dcde235acb1f0e1df24c6/idna-3.13-py3-none-any.whl
  name: idna
  version: '3.13'
  sha256: 892ea0cde124a99ce773decba204c5552b69c3c67ffd5f232eb7696135bc8bb3
  requires_dist:
  - ruff>=0.6.2 ; extra == 'all'
  - mypy>=1.11.2 ; extra == 'all'
  - pytest>=8.3.2 ; extra == 'all'
  requires_python: '>=3.8'
- pypi: https://files.pythonhosted.org/packages/53/a4/cf8c53a5cf38c2ee303c020d1769e7bb98ecf4d154636062e2f940a1af13/ImmuneBuilder-1.2-py3-none-any.whl
  name: immunebuilder
  version: '1.2'
  sha256: fe6eeb70ab5331eeeefe5562fb7fb5aa3413d8802b573485ed81e64588da4ac1
  requires_dist:
  - numpy
  - scipy>=1.6
  - einops>=0.3
  - torch>=1.8
  - requests
- conda: https://conda.anaconda.org/conda-forge/noarch/jinja2-3.1.6-pyhcf101f3_1.conda
  sha256: fc9ca7348a4f25fed2079f2153ecdcf5f9cf2a0bc36c4172420ca09e1849df7b
  md5: 04558c96691bed63104678757beb4f8d
  depends:
  - markupsafe >=2.0
  - python >=3.10
  - python
  license: BSD-3-Clause
  license_family: BSD
  purls:
  - pkg:pypi/jinja2?source=compressed-mapping
  size: 120685
  timestamp: 1764517220861
- conda: https://conda.anaconda.org/conda-forge/osx-arm64/khronos-opencl-icd-loader-2024.10.24-h5505292_1.conda
  sha256: 74abb94591a42b0986b864cdd1c3b5b2e6e6b6851d5b8d0ecbe038fc14f036be
  md5: fb5a6baf5df9abc027955a408c61ac74
  depends:
  - __osx >=11.0
  - opencl-headers >=2024.10.24
  license: Apache-2.0
  license_family: APACHE
  purls: []
  size: 35128
  timestamp: 1732916821283
- conda: https://conda.anaconda.org/conda-forge/noarch/legacy-cgi-2.6.4-pyh742d864_0.conda
  sha256: acc3fb5f377468bacc94181a7c4466f1e37754a08e4df31979614c7c6ea20888
  md5: 9d2a54ab80a5cc8138b8adb1e146ac20
  depends:
  - python >=3.13,<4
  - python
  license: PSF-2.0
  license_family: PSF
  purls:
  - pkg:pypi/legacy-cgi?source=hash-mapping
  size: 31856
  timestamp: 1761574456615
- conda: https://conda.anaconda.org/conda-forge/osx-arm64/libabseil-20260107.1-cxx17_h2062a1b_0.conda
  sha256: 756611fbb8d2957a5b4635d9772bd8432cb6ddac05580a6284cca6fdc9b07fca
  md5: bb65152e0d7c7178c0f1ee25692c9fd1
  depends:
  - __osx >=11.0
  - libcxx >=19
  constrains:
  - abseil-cpp =20260107.1
  - libabseil-static =20260107.1=cxx17*
  license: Apache-2.0
  license_family: Apache
  purls: []
  size: 1229639
  timestamp: 1770863511331
- conda: https://conda.anaconda.org/conda-forge/osx-arm64/libblas-3.11.0-6_h51639a9_openblas.conda
  build_number: 6
  sha256: 979227fc03628925037ab2dfda008eb7b5592644d9c2c21dd285cefe8c42553d
  md5: e551103471911260488a02155cef9c94
  depends:
  - libopenblas >=0.3.32,<0.3.33.0a0
  - libopenblas >=0.3.32,<1.0a0
  constrains:
  - liblapacke 3.11.0   6*_openblas
  - liblapack  3.11.0   6*_openblas
  - blas 2.306   openblas
  - libcblas   3.11.0   6*_openblas
  - mkl <2026
  license: BSD-3-Clause
  license_family: BSD
  purls: []
  size: 18859
  timestamp: 1774504387211
- conda: https://conda.anaconda.org/conda-forge/osx-arm64/libcblas-3.11.0-6_hb0561ab_openblas.conda
  build_number: 6
  sha256: 2e6b3e9b1ab672133b70fc6730e42290e952793f132cb5e72eee22835463eba0
  md5: 805c6d31c5621fd75e53dfcf21fb243a
  depends:
  - libblas 3.11.0 6_h51639a9_openblas
  constrains:
  - liblapacke 3.11.0   6*_openblas
  - blas 2.306   openblas
  - liblapack  3.11.0   6*_openblas
  license: BSD-3-Clause
  license_family: BSD
  purls: []
  size: 18863
  timestamp: 1774504433388
- conda: https://conda.anaconda.org/conda-forge/osx-arm64/libcxx-22.1.4-h55c6f16_0.conda
  sha256: 25a0d02148a39b665d9c2957676faf62a4d2a58494d53b201151199a197db4b0
  md5: 448a1af83a9205655ee1cf48d3875ca3
  depends:
  - __osx >=11.0
  license: Apache-2.0 WITH LLVM-exception
  license_family: Apache
  purls: []
  size: 569927
  timestamp: 1776816293111
- conda: https://conda.anaconda.org/conda-forge/osx-arm64/libexpat-2.7.5-hf6b4638_0.conda
  sha256: 06780dec91dd25770c8cf01e158e1062fbf7c576b1406427475ce69a8af75b7e
  md5: a32123f93e168eaa4080d87b0fb5da8a
  depends:
  - __osx >=11.0
  constrains:
  - expat 2.7.5.*
  license: MIT
  license_family: MIT
  purls: []
  size: 68192
  timestamp: 1774719211725
- conda: https://conda.anaconda.org/conda-forge/osx-arm64/libffi-3.5.2-hcf2aa1b_0.conda
  sha256: 6686a26466a527585e6a75cc2a242bf4a3d97d6d6c86424a441677917f28bec7
  md5: 43c04d9cb46ef176bb2a4c77e324d599
  depends:
  - __osx >=11.0
  license: MIT
  license_family: MIT
  purls: []
  size: 40979
  timestamp: 1769456747661
- conda: https://conda.anaconda.org/conda-forge/osx-arm64/libgcc-15.2.0-hcbb3090_18.conda
  sha256: 1d9c4f35586adb71bcd23e31b68b7f3e4c4ab89914c26bed5f2859290be5560e
  md5: 92df6107310b1fff92c4cc84f0de247b
  depends:
  - _openmp_mutex
  constrains:
  - libgcc-ng ==15.2.0=*_18
  - libgomp 15.2.0 18
  license: GPL-3.0-only WITH GCC-exception-3.1
  license_family: GPL
  purls: []
  size: 401974
  timestamp: 1771378877463
- conda: https://conda.anaconda.org/conda-forge/osx-arm64/libgfortran-15.2.0-h07b0088_18.conda
  sha256: 63f89087c3f0c8621c5c89ecceec1e56e5e1c84f65fc9c5feca33a07c570a836
  md5: 26981599908ed2205366e8fc91b37fc6
  depends:
  - libgfortran5 15.2.0 hdae7583_18
  constrains:
  - libgfortran-ng ==15.2.0=*_18
  license: GPL-3.0-only WITH GCC-exception-3.1
  license_family: GPL
  purls: []
  size: 138973
  timestamp: 1771379054939
- conda: https://conda.anaconda.org/conda-forge/osx-arm64/libgfortran5-15.2.0-hdae7583_18.conda
  sha256: 91033978ba25e6a60fb86843cf7e1f7dc8ad513f9689f991c9ddabfaf0361e7e
  md5: c4a6f7989cffb0544bfd9207b6789971
  depends:
  - libgcc >=15.2.0
  constrains:
  - libgfortran 15.2.0
  license: GPL-3.0-only WITH GCC-exception-3.1
  license_family: GPL
  purls: []
  size: 598634
  timestamp: 1771378886363
- conda: https://conda.anaconda.org/conda-forge/osx-arm64/liblapack-3.11.0-6_hd9741b5_openblas.conda
  build_number: 6
  sha256: 21606b7346810559e259807497b86f438950cf19e71838e44ebaf4bd2b35b549
  md5: ee33d2d05a7c5ea1f67653b37eb74db1
  depends:
  - libblas 3.11.0 6_h51639a9_openblas
  constrains:
  - liblapacke 3.11.0   6*_openblas
  - libcblas   3.11.0   6*_openblas
  - blas 2.306   openblas
  license: BSD-3-Clause
  license_family: BSD
  purls: []
  size: 18863
  timestamp: 1774504467905
- conda: https://conda.anaconda.org/conda-forge/osx-arm64/liblzma-5.8.3-h8088a28_0.conda
  sha256: 34878d87275c298f1a732c6806349125cebbf340d24c6c23727268184bba051e
  md5: b1fd823b5ae54fbec272cea0811bd8a9
  depends:
  - __osx >=11.0
  constrains:
  - xz 5.8.3.*
  license: 0BSD
  purls: []
  size: 92472
  timestamp: 1775825802659
- conda: https://conda.anaconda.org/conda-forge/osx-arm64/libmpdec-4.0.0-h84a0fba_1.conda
  sha256: 1089c7f15d5b62c622625ec6700732ece83be8b705da8c6607f4dabb0c4bd6d2
  md5: 57c4be259f5e0b99a5983799a228ae55
  depends:
  - __osx >=11.0
  license: BSD-2-Clause
  license_family: BSD
  purls: []
  size: 73690
  timestamp: 1769482560514
- conda: https://conda.anaconda.org/conda-forge/osx-arm64/libopenblas-0.3.32-openmp_he657e61_0.conda
  sha256: 713e453bde3531c22a660577e59bf91ef578dcdfd5edb1253a399fa23514949a
  md5: 3a1111a4b6626abebe8b978bb5a323bf
  depends:
  - __osx >=11.0
  - libgfortran
  - libgfortran5 >=14.3.0
  - llvm-openmp >=19.1.7
  constrains:
  - openblas >=0.3.32,<0.3.33.0a0
  license: BSD-3-Clause
  license_family: BSD
  purls: []
  size: 4308797
  timestamp: 1774472508546
- conda: https://conda.anaconda.org/conda-forge/osx-arm64/libprotobuf-6.33.5-h4a5acfd_0.conda
  sha256: 626852cd50690526c9eac216a9f467edd4cbb01060d0efe41b7def10b54bdb08
  md5: b839e3295b66434f20969c8b940f056a
  depends:
  - __osx >=11.0
  - libabseil * cxx17*
  - libabseil >=20260107.0,<20260108.0a0
  - libcxx >=19
  - libzlib >=1.3.1,<2.0a0
  license: BSD-3-Clause
  license_family: BSD
  purls: []
  size: 2713660
  timestamp: 1769748299578
- conda: https://conda.anaconda.org/conda-forge/osx-arm64/libsqlite-3.53.0-h1b79a29_0.conda
  sha256: 1a9d1e3e18dbb0b87cff3b40c3e42703730d7ac7ee9b9322c2682196a81ba0c3
  md5: 8423c008105df35485e184066cad4566
  depends:
  - __osx >=11.0
  - libzlib >=1.3.2,<2.0a0
  license: blessing
  purls: []
  size: 920039
  timestamp: 1775754485962
- conda: https://conda.anaconda.org/conda-forge/osx-arm64/libtorch-2.10.0-cpu_generic_hf7cc835_3.conda
  sha256: a47f1ec77004982a78e3e1533d841bea0930c22594c12bc67e2cb74cd7709b97
  md5: 98f89ad42eaba858443d31336677aed2
  depends:
  - __osx >=11.0
  - fmt >=12.1.0,<12.2.0a0
  - libabseil * cxx17*
  - libabseil >=20260107.1,<20260108.0a0
  - libblas >=3.9.0,<4.0a0
  - libcblas >=3.9.0,<4.0a0
  - libcxx >=19
  - liblapack >=3.9.0,<4.0a0
  - libprotobuf >=6.33.5,<6.33.6.0a0
  - libuv >=1.51.0,<2.0a0
  - libzlib >=1.3.1,<2.0a0
  - llvm-openmp >=19.1.7
  - pybind11-abi 11
  - sleef >=3.9.0,<4.0a0
  constrains:
  - pytorch-cpu 2.10.0
  - openblas * openmp_*
  - pytorch-gpu <0.0a0
  - libopenblas * openmp_*
  - pytorch 2.10.0 cpu_generic_*_3
  license: BSD-3-Clause
  license_family: BSD
  purls: []
  size: 30298089
  timestamp: 1772181525404
- conda: https://conda.anaconda.org/conda-forge/osx-arm64/libuv-1.51.0-h6caf38d_1.conda
  sha256: 042c7488ad97a5629ec0a991a8b2a3345599401ecc75ad6a5af73b60e6db9689
  md5: c0d87c3c8e075daf1daf6c31b53e8083
  depends:
  - __osx >=11.0
  license: MIT
  license_family: MIT
  purls: []
  size: 421195
  timestamp: 1753948426421
- conda: https://conda.anaconda.org/conda-forge/osx-arm64/libzlib-1.3.2-h8088a28_2.conda
  sha256: 361415a698514b19a852f5d1123c5da746d4642139904156ddfca7c922d23a05
  md5: bc5a5721b6439f2f62a84f2548136082
  depends:
  - __osx >=11.0
  constrains:
  - zlib 1.3.2 *_2
  license: Zlib
  license_family: Other
  purls: []
  size: 47759
  timestamp: 1774072956767
- conda: https://conda.anaconda.org/conda-forge/osx-arm64/llvm-openmp-22.1.4-hc7d1edf_0.conda
  sha256: a269273ccf48be6ac582bb958713ba8373262b9157a0fc76b7e5475e8a1d2a78
  md5: 46d04a647df7a4525e487d88068d19ef
  depends:
  - __osx >=11.0
  constrains:
  - openmp 22.1.4|22.1.4.*
  - intel-openmp <0.0a0
  license: Apache-2.0 WITH LLVM-exception
  license_family: APACHE
  purls: []
  size: 286406
  timestamp: 1776846235007
- conda: https://conda.anaconda.org/conda-forge/osx-arm64/markupsafe-3.0.3-py314h6e9b3f0_1.conda
  sha256: 411153d14ee0d98be6e3751cf5cc0502db17bce2deebebb8779e33d29d0e525f
  md5: d33c0a15882b70255abdd54711b06a45
  depends:
  - __osx >=11.0
  - python >=3.14,<3.15.0a0
  - python >=3.14,<3.15.0a0 *_cp314
  - python_abi 3.14.* *_cp314
  constrains:
  - jinja2 >=3.0.0
  license: BSD-3-Clause
  license_family: BSD
  purls:
  - pkg:pypi/markupsafe?source=compressed-mapping
  size: 27256
  timestamp: 1772445397216
- conda: https://conda.anaconda.org/conda-forge/osx-arm64/mpc-1.4.0-h169892a_0.conda
  sha256: a9774664adea222e4165efddcd902641c03c7d08fda3a83a5b0885e675ead309
  md5: 2845c3a1d0d8da1db92aba8323892475
  depends:
  - __osx >=11.0
  - gmp >=6.3.0,<7.0a0
  - mpfr >=4.2.2,<5.0a0
  license: LGPL-3.0-or-later
  license_family: LGPL
  purls: []
  size: 86181
  timestamp: 1774472395307
- conda: https://conda.anaconda.org/conda-forge/osx-arm64/mpfr-4.2.2-h6bc93b0_0.conda
  sha256: af5eca85f7ffdd403275e916f1de40a7d4b48ae138f12479523d9500c6a073ba
  md5: a47a14da2103c9c7a390f7c8bc8d7f9b
  depends:
  - __osx >=11.0
  - gmp >=6.3.0,<7.0a0
  license: LGPL-3.0-only
  license_family: LGPL
  purls: []
  size: 348767
  timestamp: 1773414111071
- conda: https://conda.anaconda.org/conda-forge/osx-arm64/mpi-1.0-openmpi.tar.bz2
  sha256: 7051ff40ca1208c06db24f8bf5cf72ee7ad03891e7fd365c3f7a4190938ae83a
  md5: cb269c879b1ac5e5ab62a3c17528c40f
  license: BSD 3-clause
  purls: []
  size: 4294
  timestamp: 1605464601195
- conda: https://conda.anaconda.org/conda-forge/noarch/mpmath-1.3.0-pyhd8ed1ab_1.conda
  sha256: 7d7aa3fcd6f42b76bd711182f3776a02bef09a68c5f117d66b712a6d81368692
  md5: 3585aa87c43ab15b167b574cd73b057b
  depends:
  - python >=3.9
  license: BSD-3-Clause
  license_family: BSD
  purls:
  - pkg:pypi/mpmath?source=hash-mapping
  size: 439705
  timestamp: 1733302781386
- conda: https://conda.anaconda.org/conda-forge/osx-arm64/ncurses-6.6-h1d4f5a5_0.conda
  sha256: 4ea6c620b87bd1d42bb2ccc2c87cd2483fa2d7f9e905b14c223f11ff3f4c455d
  md5: 343d10ed5b44030a2f67193905aea159
  depends:
  - __osx >=11.0
  license: X11 AND BSD-3-Clause
  purls: []
  size: 805509
  timestamp: 1777423252320
- conda: https://conda.anaconda.org/conda-forge/noarch/networkx-3.6.1-pyhcf101f3_0.conda
  sha256: f6a82172afc50e54741f6f84527ef10424326611503c64e359e25a19a8e4c1c6
  md5: a2c1eeadae7a309daed9d62c96012a2b
  depends:
  - python >=3.11
  - python
  constrains:
  - numpy >=1.25
  - scipy >=1.11.2
  - matplotlib-base >=3.8
  - pandas >=2.0
  license: BSD-3-Clause
  license_family: BSD
  purls:
  - pkg:pypi/networkx?source=hash-mapping
  size: 1587439
  timestamp: 1765215107045
- conda: https://conda.anaconda.org/conda-forge/noarch/nomkl-1.0-h5ca1d4c_0.tar.bz2
  sha256: d38542a151a90417065c1a234866f97fd1ea82a81de75ecb725955ab78f88b4b
  md5: 9a66894dfd07c4510beb6b3f9672ccc0
  constrains:
  - mkl <0.a0
  license: BSD-3-Clause
  license_family: BSD
  purls: []
  size: 3843
  timestamp: 1582593857545
- conda: https://conda.anaconda.org/conda-forge/osx-arm64/numpy-2.4.3-py314h1569ea8_0.conda
  sha256: fe565b09011e8b8edb11bc20564ab130b107d4717590c2464d6d7c2a5a53c6da
  md5: 0fab9cf4fc5163131387f36742b50c79
  depends:
  - python
  - libcxx >=19
  - python 3.14.* *_cp314
  - __osx >=11.0
  - libblas >=3.9.0,<4.0a0
  - liblapack >=3.9.0,<4.0a0
  - python_abi 3.14.* *_cp314
  - libcblas >=3.9.0,<4.0a0
  constrains:
  - numpy-base <0a0
  license: BSD-3-Clause
  license_family: BSD
  purls:
  - pkg:pypi/numpy?source=compressed-mapping
  size: 6993182
  timestamp: 1773839150339
- conda: https://conda.anaconda.org/conda-forge/osx-arm64/ocl_icd_wrapper_apple-1.0.0-h27ca646_0.tar.bz2
  sha256: dd04e58c813d46c41f65561f92922d25053d2049a10759e679e26f1c785678e7
  md5: 9104716a5fb54f62431752dc863cd909
  depends:
  - khronos-opencl-icd-loader >=2020.6.16
  license: BSD-2-Clause
  license_family: BSD
  purls: []
  size: 18631
  timestamp: 1605242282408
- conda: https://conda.anaconda.org/conda-forge/osx-arm64/opencl-headers-2025.06.13-hf6b4638_0.conda
  sha256: 0e6737e4aaf2e3dce984fca5575480c32c51608b6435042813054fed320c6dc0
  md5: 0a7a5d256fa6d858d5b496843a161e66
  depends:
  - __osx >=11.0
  - libcxx >=19
  license: Apache-2.0
  license_family: APACHE
  purls: []
  size: 55910
  timestamp: 1773845156357
- conda: https://conda.anaconda.org/conda-forge/osx-arm64/openmm-8.5.1-py314h67edbab_0_khronos.conda
  sha256: 3608f9fb2cc8cb4cdc5710ccf48ce9cec1755b78a2e5941f91a7d3f3a493085f
  md5: f94a4a3ac45adb33e24f63a1eed2d4b2
  depends:
  - __osx >=11.0
  - khronos-opencl-icd-loader >=2024.10.24
  - libcxx >=19
  - numpy >=1.23,<3
  - ocl_icd_wrapper_apple
  - python >=3.14,<3.15.0a0
  - python >=3.14,<3.15.0a0 *_cp314
  - python_abi 3.14.* *_cp314
  - scipy
  license: LGPL-3.0-or-later
  license_family: LGPL
  purls:
  - pkg:pypi/openmm?source=hash-mapping
  size: 11451377
  timestamp: 1775853284341
- conda: https://conda.anaconda.org/conda-forge/osx-arm64/openmpi-4.1.6-h526c993_101.conda
  sha256: 641f44ea7e91c08c722d3d7c66939f67b1cf2dd94c576a898f0b1a08e7db861a
  md5: fa9afd3a548f6206422e16969a0b6ffe
  depends:
  - __osx >=10.9
  - libcxx >=16.0.6
  - libgfortran >=5
  - libgfortran5 >=12.3.0
  - libgfortran5 >=13.2.0
  - libzlib >=1.2.13,<2.0.0a0
  - mpi 1.0 openmpi
  - zlib
  constrains:
  - libpmix ==0.0.0
  - libprrte ==0.0.0
  license: BSD-3-Clause
  license_family: BSD
  purls: []
  size: 2760344
  timestamp: 1696593859968
- conda: https://conda.anaconda.org/conda-forge/osx-arm64/openssl-3.6.2-hd24854e_0.conda
  sha256: c91bf510c130a1ea1b6ff023e28bac0ccaef869446acd805e2016f69ebdc49ea
  md5: 25dcccd4f80f1638428613e0d7c9b4e1
  depends:
  - __osx >=11.0
  - ca-certificates
  license: Apache-2.0
  license_family: Apache
  purls: []
  size: 3106008
  timestamp: 1775587972483
- conda: https://conda.anaconda.org/conda-forge/osx-arm64/optree-0.19.0-py314h6cfcd04_0.conda
  sha256: 04749f118b98b723937599d440b7d7e1840472d022e33c559d4ae579f87e9ab7
  md5: 0c8942bc23758aaeafed2707902fc48e
  depends:
  - __osx >=11.0
  - libcxx >=19
  - python >=3.14,<3.15.0a0
  - python >=3.14,<3.15.0a0 *_cp314
  - python_abi 3.14.* *_cp314
  - typing-extensions >=4.12
  license: Apache-2.0
  license_family: Apache
  purls:
  - pkg:pypi/optree?source=hash-mapping
  size: 445893
  timestamp: 1771868909862
- conda: https://conda.anaconda.org/conda-forge/noarch/pdbfixer-1.12-pyhd8ed1ab_1.conda
  sha256: 00d71eb14af7634d48c32600c55ae385b8d45b3d4c74b6c75c404f5af358cd4d
  md5: ae0b5e880fd6f5815fe7d2075200c33b
  depends:
  - legacy-cgi
  - numpy
  - openmm >=8.2
  - python >=3.10
  - setuptools
  license: MIT
  license_family: MIT
  purls:
  - pkg:pypi/pdbfixer?source=hash-mapping
  size: 546457
  timestamp: 1775865529631
- conda: https://conda.anaconda.org/conda-forge/noarch/pybind11-3.0.1-pyh7a1b43c_0.conda
  sha256: 2558727093f13d4c30e124724566d16badd7de532fd8ee7483628977117d02be
  md5: 70ece62498c769280f791e836ac53fff
  depends:
  - python >=3.8
  - pybind11-global ==3.0.1 *_0
  - python
  constrains:
  - pybind11-abi ==11
  license: BSD-3-Clause
  license_family: BSD
  purls:
  - pkg:pypi/pybind11?source=hash-mapping
  size: 232875
  timestamp: 1755953378112
- conda: https://conda.anaconda.org/conda-forge/noarch/pybind11-abi-11-hc364b38_1.conda
  sha256: 9e7fe12f727acd2787fb5816b2049cef4604b7a00ad3e408c5e709c298ce8bf1
  md5: f0599959a2447c1e544e216bddf393fa
  license: BSD-3-Clause
  license_family: BSD
  purls: []
  size: 14671
  timestamp: 1752769938071
- conda: https://conda.anaconda.org/conda-forge/noarch/pybind11-global-3.0.1-pyhc7ab6ef_0.conda
  sha256: f11a5903879fe3a24e0d28329cb2b1945127e85a4cdb444b45545cf079f99e2d
  md5: fe10b422ce8b5af5dab3740e4084c3f9
  depends:
  - python >=3.8
  - __unix
  - python
  constrains:
  - pybind11-abi ==11
  license: BSD-3-Clause
  license_family: BSD
  purls:
  - pkg:pypi/pybind11-global?source=hash-mapping
  size: 228871
  timestamp: 1755953338243
- conda: https://conda.anaconda.org/conda-forge/osx-arm64/python-3.14.4-h4c637c5_100_cp314.conda
  build_number: 100
  sha256: 27e7d6cbe021f37244b643f06a98e46767255f7c2907108dd3736f042757ddad
  md5: e1bc5a3015a4bbeb304706dba5a32b7f
  depends:
  - __osx >=11.0
  - bzip2 >=1.0.8,<2.0a0
  - libexpat >=2.7.5,<3.0a0
  - libffi >=3.5.2,<3.6.0a0
  - liblzma >=5.8.2,<6.0a0
  - libmpdec >=4.0.0,<5.0a0
  - libsqlite >=3.52.0,<4.0a0
  - libzlib >=1.3.2,<2.0a0
  - ncurses >=6.5,<7.0a0
  - openssl >=3.5.6,<4.0a0
  - python_abi 3.14.* *_cp314
  - readline >=8.3,<9.0a0
  - tk >=8.6.13,<8.7.0a0
  - tzdata
  - zstd >=1.5.7,<1.6.0a0
  license: Python-2.0
  purls: []
  size: 13533346
  timestamp: 1775616188373
  python_site_packages_path: lib/python3.14/site-packages
- conda: https://conda.anaconda.org/conda-forge/noarch/python_abi-3.14-8_cp314.conda
  build_number: 8
  sha256: ad6d2e9ac39751cc0529dd1566a26751a0bf2542adb0c232533d32e176e21db5
  md5: 0539938c55b6b1a59b560e843ad864a4
  constrains:
  - python 3.14.* *_cp314
  license: BSD-3-Clause
  license_family: BSD
  purls: []
  size: 6989
  timestamp: 1752805904792
- conda: https://conda.anaconda.org/conda-forge/osx-arm64/pytorch-2.10.0-cpu_generic_py314_he36690f_3.conda
  sha256: f4badf8ef7a8bfa5619807e04e30e425da80c9c717e97ad0702c88e774a89532
  md5: 51da3d684a7d90b35adfd742fb551cc4
  depends:
  - __osx >=11.0
  - filelock
  - fmt >=12.1.0,<12.2.0a0
  - fsspec
  - jinja2
  - libabseil * cxx17*
  - libabseil >=20260107.1,<20260108.0a0
  - libcblas >=3.9.0,<4.0a0
  - libcxx >=19
  - liblapack >=3.9.0,<4.0a0
  - libprotobuf >=6.33.5,<6.33.6.0a0
  - libtorch 2.10.0 cpu_generic_hf7cc835_3
  - libuv >=1.51.0,<2.0a0
  - libzlib >=1.3.1,<2.0a0
  - llvm-openmp >=19.1.7
  - mpmath <1.4
  - networkx
  - nomkl
  - numpy >=1.23,<3
  - optree >=0.13.0
  - pybind11 <3.0.2
  - pybind11-abi 11
  - python >=3.14,<3.15.0a0
  - python_abi 3.14.* *_cp314
  - setuptools
  - sleef >=3.9.0,<4.0a0
  - sympy >=1.13.3
  - typing_extensions >=4.10.0
  constrains:
  - pytorch-cpu 2.10.0
  - pytorch-gpu <0.0a0
  license: BSD-3-Clause
  license_family: BSD
  purls:
  - pkg:pypi/torch?source=hash-mapping
  size: 23866577
  timestamp: 1772182305870
- conda: https://conda.anaconda.org/conda-forge/osx-arm64/readline-8.3-h46df422_0.conda
  sha256: a77010528efb4b548ac2a4484eaf7e1c3907f2aec86123ed9c5212ae44502477
  md5: f8381319127120ce51e081dce4865cf4
  depends:
  - __osx >=11.0
  - ncurses >=6.5,<7.0a0
  license: GPL-3.0-only
  license_family: GPL
  purls: []
  size: 313930
  timestamp: 1765813902568
- pypi: https://files.pythonhosted.org/packages/d7/8e/7540e8a2036f79a125c1d2ebadf69ed7901608859186c856fa0388ef4197/requests-2.33.1-py3-none-any.whl
  name: requests
  version: 2.33.1
  sha256: 4e6d1ef462f3626a1f0a0a9c42dd93c63bad33f9f1c1937509b8c5c8718ab56a
  requires_dist:
  - charset-normalizer>=2,<4
  - idna>=2.5,<4
  - urllib3>=1.26,<3
  - certifi>=2023.5.7
  - pysocks>=1.5.6,!=1.5.7 ; extra == 'socks'
  - chardet>=3.0.2,<8 ; extra == 'use-chardet-on-py3'
  requires_python: '>=3.10'
- conda: https://conda.anaconda.org/conda-forge/osx-arm64/scipy-1.17.1-py314hfc1f868_0.conda
  sha256: 6ca2abcaff2cd071aabaabd82b10a87fc7de3a4619f6c98820cc28e90cc2cb20
  md5: 7806ce54b78b0b11517b465a3398e910
  depends:
  - __osx >=11.0
  - libblas >=3.9.0,<4.0a0
  - libcblas >=3.9.0,<4.0a0
  - libcxx >=19
  - libgfortran
  - libgfortran5 >=14.3.0
  - liblapack >=3.9.0,<4.0a0
  - numpy <2.7
  - numpy >=1.23,<3
  - numpy >=1.25.2
  - python >=3.14,<3.15.0a0
  - python >=3.14,<3.15.0a0 *_cp314
  - python_abi 3.14.* *_cp314
  license: BSD-3-Clause
  license_family: BSD
  purls:
  - pkg:pypi/scipy?source=hash-mapping
  size: 13986990
  timestamp: 1771881110844
- conda: https://conda.anaconda.org/conda-forge/noarch/setuptools-82.0.1-pyh332efcf_0.conda
  sha256: 82088a6e4daa33329a30bc26dc19a98c7c1d3f05c0f73ce9845d4eab4924e9e1
  md5: 8e194e7b992f99a5015edbd4ebd38efd
  depends:
  - python >=3.10
  license: MIT
  license_family: MIT
  purls:
  - pkg:pypi/setuptools?source=hash-mapping
  size: 639697
  timestamp: 1773074868565
- conda: https://conda.anaconda.org/conda-forge/osx-arm64/sleef-3.9.0-hb028509_0.conda
  sha256: 799d0578369e67b6d0d6ecdacada411c259629fc4a500b99703c5e85d0a68686
  md5: 68f833178f171cfffdd18854c0e9b7f9
  depends:
  - __osx >=11.0
  - libcxx >=19
  - llvm-openmp >=19.1.7
  license: BSL-1.0
  purls: []
  size: 587027
  timestamp: 1756274982526
- conda: https://conda.anaconda.org/conda-forge/noarch/sympy-1.14.0-pyh2585a3b_106.conda
  sha256: 1c8057e6875eba958aa8b3c1a072dc9a75d013f209c26fd8125a5ebd3abbec0c
  md5: 32d866e43b25275f61566b9391ccb7b5
  depends:
  - __unix
  - cpython
  - gmpy2 >=2.0.8
  - mpmath >=1.1.0,<1.5
  - python >=3.10
  license: BSD-3-Clause
  license_family: BSD
  purls:
  - pkg:pypi/sympy?source=hash-mapping
  size: 4661767
  timestamp: 1771952371059
- conda: https://conda.anaconda.org/conda-forge/osx-arm64/tk-8.6.13-h010d191_3.conda
  sha256: 799cab4b6cde62f91f750149995d149bc9db525ec12595e8a1d91b9317f038b3
  md5: a9d86bc62f39b94c4661716624eb21b0
  depends:
  - __osx >=11.0
  - libzlib >=1.3.1,<2.0a0
  license: TCL
  license_family: BSD
  purls: []
  size: 3127137
  timestamp: 1769460817696
- conda: https://conda.anaconda.org/conda-forge/noarch/typing-extensions-4.15.0-h396c80c_0.conda
  sha256: 7c2df5721c742c2a47b2c8f960e718c930031663ac1174da67c1ed5999f7938c
  md5: edd329d7d3a4ab45dcf905899a7a6115
  depends:
  - typing_extensions ==4.15.0 pyhcf101f3_0
  license: PSF-2.0
  license_family: PSF
  purls: []
  size: 91383
  timestamp: 1756220668932
- conda: https://conda.anaconda.org/conda-forge/noarch/typing_extensions-4.15.0-pyhcf101f3_0.conda
  sha256: 032271135bca55aeb156cee361c81350c6f3fb203f57d024d7e5a1fc9ef18731
  md5: 0caa1af407ecff61170c9437a808404d
  depends:
  - python >=3.10
  - python
  license: PSF-2.0
  license_family: PSF
  purls:
  - pkg:pypi/typing-extensions?source=hash-mapping
  size: 51692
  timestamp: 1756220668932
- conda: https://conda.anaconda.org/conda-forge/noarch/tzdata-2025c-hc9c84f9_1.conda
  sha256: 1d30098909076af33a35017eed6f2953af1c769e273a0626a04722ac4acaba3c
  md5: ad659d0a2b3e47e38d829aa8cad2d610
  license: LicenseRef-Public-Domain
  purls: []
  size: 119135
  timestamp: 1767016325805
- pypi: https://files.pythonhosted.org/packages/39/08/aaaad47bc4e9dc8c725e68f9d04865dbcb2052843ff09c97b08904852d84/urllib3-2.6.3-py3-none-any.whl
  name: urllib3
  version: 2.6.3
  sha256: bf272323e553dfb2e87d9bfd225ca7b0f467b919d7bbd355436d3fd37cb0acd4
  requires_dist:
  - brotli>=1.2.0 ; platform_python_implementation == 'CPython' and extra == 'brotli'
  - brotlicffi>=1.2.0.0 ; platform_python_implementation != 'CPython' and extra == 'brotli'
  - h2>=4,<5 ; extra == 'h2'
  - pysocks>=1.5.6,!=1.5.7,<2.0 ; extra == 'socks'
  - backports-zstd>=1.0.0 ; python_full_version < '3.14' and extra == 'zstd'
  requires_python: '>=3.9'
- conda: https://conda.anaconda.org/conda-forge/osx-arm64/zlib-1.3.2-h8088a28_2.conda
  sha256: 8dd2ac25f0ba714263aac5832d46985648f4bfb9b305b5021d702079badc08d2
  md5: f1c0bce276210bed45a04949cfe8dc20
  depends:
  - __osx >=11.0
  - libzlib 1.3.2 h8088a28_2
  license: Zlib
  license_family: Other
  purls: []
  size: 81123
  timestamp: 1774072974535
- conda: https://conda.anaconda.org/conda-forge/osx-arm64/zstd-1.5.7-hbf9d68e_6.conda
  sha256: 9485ba49e8f47d2b597dd399e88f4802e100851b27c21d7525625b0b4025a5d9
  md5: ab136e4c34e97f34fb621d2592a393d8
  depends:
  - __osx >=11.0
  - libzlib >=1.3.1,<2.0a0
  license: BSD-3-Clause
  license_family: BSD
  purls: []
  size: 433413
  timestamp: 1764777166076
